{
  "name": "frame-tango-transport",
  "version": "1.0.0",
  "lockfileVersion": 3,
  "requires": true,
  "packages": {
    "": {
      "name": "frame-tango-transport",
      "version": "1.0.0",
      "license": "Apache-2.0",
      "dependencies": {
        "@yume-chan/adb": "2.6.4",
        "@yume-chan/adb-daemon-webusb": "2.3.2",
        "@yume-chan/adb-scrcpy": "2.3.2",
        "@yume-chan/scrcpy": "2.3.0",
        "@yume-chan/stream-extra": "2.6.1",
        "mp4-muxer": "5.2.2",
        "usb": "2.17.0"
      },
      "engines": {
        "node": ">=22.13.0"
      }
    },
    "node_modules/@types/dom-webcodecs": {
      "version": "0.1.19",
      "resolved": "https://registry.npmjs.org/@types/dom-webcodecs/-/dom-webcodecs-0.1.19.tgz",
      "integrity": "sha512-+yFUIDUaASFz0vQpWBErPxun/Lb+F0TdrlTsj50gm7K797YzEx2TmV6fEiwciHyFNghlZYPgQXH5qRcwMHcJFQ==",
      "license": "MIT"
    },
    "node_modules/@types/w3c-web-usb": {
      "version": "1.0.14",
      "resolved": "https://registry.npmjs.org/@types/w3c-web-usb/-/w3c-web-usb-1.0.14.tgz",
      "integrity": "sha512-Qu3Nn6JFuF4+sHKYl+IcX9vYiI40ogleXzFFSxoE1W94rG98o/kXs8uJ0QSfFzuwBCZWlGfUGpPkgwuuX4PchA==",
      "license": "MIT"
    },
    "node_modules/@types/wicg-file-system-access": {
      "version": "2020.9.8",
      "resolved": "https://registry.npmjs.org/@types/wicg-file-system-access/-/wicg-file-system-access-2020.9.8.tgz",
      "integrity": "sha512-ggMz8nOygG7d/stpH40WVaNvBwuyYLnrg5Mbyf6bmsj/8+gb6Ei4ZZ9/4PNpcPNTT8th9Q8sM8wYmWGjMWLX/A==",
      "license": "MIT"
    },
    "node_modules/@yume-chan/adb": {
      "version": "2.6.4",
      "resolved": "https://registry.npmjs.org/@yume-chan/adb/-/adb-2.6.4.tgz",
      "integrity": "sha512-aaN21ZOLjWW1nC09C21f0yQkCqxkuMWMqheryGEbmGLPhuzIyOhTurJK8cXh5ZnQ+ptdKBexqvoG6zYoul9XPA==",
      "license": "MIT",
      "dependencies": {
        "@yume-chan/async": "^4.1.3",
        "@yume-chan/event": "^2.0.0",
        "@yume-chan/no-data-view": "^2.0.0",
        "@yume-chan/stream-extra": "^2.6.1",
        "@yume-chan/struct": "^2.3.2"
      }
    },
    "node_modules/@yume-chan/adb-daemon-webusb": {
      "version": "2.3.2",
      "resolved": "https://registry.npmjs.org/@yume-chan/adb-daemon-webusb/-/adb-daemon-webusb-2.3.2.tgz",
      "integrity": "sha512-5ANaqsRJWFc5kKMnGALjYCrSXo5eC4u51dvYppvuBCLVjv12n7he2TPy5yEZ3XtlToRFS0kWCQC0XS8M60lRSA==",
      "license": "MIT",
      "dependencies": {
        "@types/w3c-web-usb": "^1.0.12",
        "@yume-chan/adb": "^2.3.1",
        "@yume-chan/event": "^2.0.0",
        "@yume-chan/stream-extra": "^2.1.0",
        "@yume-chan/struct": "^2.3.2"
      }
    },
    "node_modules/@yume-chan/adb-scrcpy": {
      "version": "2.3.2",
      "resolved": "https://registry.npmjs.org/@yume-chan/adb-scrcpy/-/adb-scrcpy-2.3.2.tgz",
      "integrity": "sha512-wg45dep+dYy4MAVMtsooPAo/aXKiGbpGHzcQWoHnl4uE4YJKrZK0sK5L++rPNM0WbwlPdSpZ32jMJT+i0u1Mdw==",
      "license": "MIT",
      "dependencies": {
        "@yume-chan/adb": "^2.3.1",
        "@yume-chan/async": "^4.1.3",
        "@yume-chan/event": "^2.0.0",
        "@yume-chan/scrcpy": "^2.3.0",
        "@yume-chan/stream-extra": "^2.1.0",
        "@yume-chan/struct": "^2.3.2"
      }
    },
    "node_modules/@yume-chan/async": {
      "version": "4.1.3",
      "resolved": "https://registry.npmjs.org/@yume-chan/async/-/async-4.1.3.tgz",
      "integrity": "sha512-0vzhNJMkWUPyjKzUK4rqHEeCU6YQtF78RsB1kFRB6Y2BLupmEQNxcSb0mjKabPL9jZpCCiLa5KL8oTOJClUVaw==",
      "license": "MIT"
    },
    "node_modules/@yume-chan/event": {
      "version": "2.0.0",
      "resolved": "https://registry.npmjs.org/@yume-chan/event/-/event-2.0.0.tgz",
      "integrity": "sha512-z56MDOcX1QlgLUCuA6th3r10negVb7A3gzY//TwSC9ZOvzuRlrAqXcxZf1T3hHfNMk/NFO9RIgQgegXYSfaqLw==",
      "license": "MIT",
      "dependencies": {
        "@yume-chan/async": "^4.0.2"
      }
    },
    "node_modules/@yume-chan/no-data-view": {
      "version": "2.0.0",
      "resolved": "https://registry.npmjs.org/@yume-chan/no-data-view/-/no-data-view-2.0.0.tgz",
      "integrity": "sha512-0GRJrrt6wtZlbiE92jocHOnaAvjQ+Y7xwwhwOPqLkwf90Kj1JIHJ5Zh4wJVQSQIkzfRSOpM+jeEQdC2K15snlA==",
      "license": "MIT"
    },
    "node_modules/@yume-chan/scrcpy": {
      "version": "2.3.0",
      "resolved": "https://registry.npmjs.org/@yume-chan/scrcpy/-/scrcpy-2.3.0.tgz",
      "integrity": "sha512-rpsNvy7H8mf6gVsWYRSkIXmk0wVsP3XOdw3kASokwZkSWtygB2Z1wjoPaEAvaayVCjsz+y/YfG35TOcykEihGw==",
      "license": "MIT",
      "dependencies": {
        "@yume-chan/async": "^4.1.3",
        "@yume-chan/no-data-view": "^2.0.0",
        "@yume-chan/stream-extra": "^2.1.0",
        "@yume-chan/struct": "^2.0.1"
      }
    },
    "node_modules/@yume-chan/stream-extra": {
      "version": "2.6.1",
      "resolved": "https://registry.npmjs.org/@yume-chan/stream-extra/-/stream-extra-2.6.1.tgz",
      "integrity": "sha512-GQ+Q0SQf9p6Fl7ZK0UO5vHVGBJgkTJm/WXKurUMpjHQV4VUpjZ2hrQ744aCfT7WwSol7Bz/uEiXWmk240Hr/hg==",
      "license": "MIT",
      "dependencies": {
        "@yume-chan/async": "^4.1.3",
        "@yume-chan/struct": "^2.3.2"
      }
    },
    "node_modules/@yume-chan/struct": {
      "version": "2.3.2",
      "resolved": "https://registry.npmjs.org/@yume-chan/struct/-/struct-2.3.2.tgz",
      "integrity": "sha512-afoCnSKV+5HRK7e4innVd9YTYDyNWdjA1CVQa1j8rWYnmr7HGZfdkHMQr+AESLk6GxWFMzOIPQIG6nYOTGMFIw==",
      "license": "MIT",
      "dependencies": {
        "@yume-chan/async": "^4.1.3",
        "@yume-chan/no-data-view": "^2.0.0"
      }
    },
    "node_modules/mp4-muxer": {
      "version": "5.2.2",
      "resolved": "https://registry.npmjs.org/mp4-muxer/-/mp4-muxer-5.2.2.tgz",
      "integrity": "sha512-dhozjTywI0h2qFzeShagt8YYw811fh1XlwiDCE2f6Aeqf6xG2CyuShoSa5E0AZDO8pPF0JOZ3wOmWBNWIGdSpQ==",
      "deprecated": "This library is superseded by Mediabunny. Please migrate to it.",
      "license": "MIT",
      "dependencies": {
        "@types/dom-webcodecs": "^0.1.6",
        "@types/wicg-file-system-access": "^2020.9.5"
      }
    },
    "node_modules/node-addon-api": {
      "version": "8.9.2",
      "resolved": "https://registry.npmjs.org/node-addon-api/-/node-addon-api-8.9.2.tgz",
      "integrity": "sha512-VijLXbi3UACN69I0JVXJsX4tjACjNoQDgv2gTF6sx2wWEi8tkSg2eX8p5gSIFi8z2+DL3oHmY6OyKce38SDolg==",
      "license": "MIT",
      "engines": {
        "node": "^18 || ^20 || >= 21"
      }
    },
    "node_modules/node-gyp-build": {
      "version": "4.8.4",
      "resolved": "https://registry.npmjs.org/node-gyp-build/-/node-gyp-build-4.8.4.tgz",
      "integrity": "sha512-LA4ZjwlnUblHVgq0oBF3Jl/6h/Nvs5fzBLwdEF4nuxnFdsfajde4WfxtJr3CaiH+F6ewcIB/q4jQ4UzPyid+CQ==",
      "license": "MIT",
      "bin": {
        "node-gyp-build": "bin.js",
        "node-gyp-build-optional": "optional.js",
        "node-gyp-build-test": "build-test.js"
      }
    },
    "node_modules/usb": {
      "version": "2.17.0",
      "resolved": "https://registry.npmjs.org/usb/-/usb-2.17.0.tgz",
      "integrity": "sha512-UuFgrlglgDn5ll6d5l7kl3nDb2Yx43qLUGcDq+7UNLZLtbNug0HZBb2Xodhgx2JZB1LqvU+dOGqLEeYUeZqsHg==",
      "hasInstallScript": true,
      "license": "MIT",
      "dependencies": {
        "@types/w3c-web-usb": "^1.0.6",
        "node-addon-api": "^8.0.0",
        "node-gyp-build": "^4.5.0"
      },
      "engines": {
        "node": ">=12.22.0 <13.0 || >=14.17.0"
      }
    }
  }
}
